
Microsoft Visual Studio Solution File, Format Version 12.00
# Visual Studio Version 17
VisualStudioVersion = 17.6.33815.320
MinimumVisualStudioVersion = 10.0.40219.1
Project("{FAE04EC0-301F-11D3-BF4B-00C04F79EFBC}") = "DMU_Git", "DMU_Git\DMU_Git.csproj", "{FB2C3E2E-ACE3-4CD1-8767-7290895B36F9}"
EndProject
Global
	GlobalSection(SolutionConfigurationPlatforms) = preSolution
		Debug|Any CPU = Debug|Any CPU
		Release|Any CPU = Release|Any CPU
	EndGlobalSection
	GlobalSection(ProjectConfigurationPlatforms) = postSolution
		{FB2C3E2E-ACE3-4CD1-8767-7290895B36F9}.Debug|Any CPU.ActiveCfg = Debug|Any CPU
		{FB2C3E2E-ACE3-4CD1-8767-7290895B36F9}.Debug|Any CPU.Build.0 = Debug|Any CPU
		{FB2C3E2E-ACE3-4CD1-8767-7290895B36F9}.Release|Any CPU.ActiveCfg = Release|Any CPU
		{FB2C3E2E-ACE3-4CD1-8767-7290895B36F9}.Release|Any CPU.Build.0 = Release|Any CPU
	EndGlobalSection
	GlobalSection(SolutionProperties) = preSolution
		HideSolutionNode = FALSE
	EndGlobalSection
	GlobalSection(ExtensibilityGlobals) = postSolution
		SolutionGuid = {8DC72522-9183-49B8-94A8-4DAA631DAFF2}
	EndGlobalSection
EndGlobal
